
Microsoft Visual Studio Solution File, Format Version 12.00
# Visual Studio Version 17
VisualStudioVersion = 17.8.34309.116
MinimumVisualStudioVersion = 10.0.40219.1
Project("{9A19103F-16F7-4668-BE54-9A1E7A4F7556}") = "ApplicationSecurityAssignment", "ApplicationSecurityAssignment\ApplicationSecurityAssignment.csproj", "{35118D41-2F26-4D5E-8ACB-D53549A6D5EB}"
EndProject
Global
	GlobalSection(SolutionConfigurationPlatforms) = preSolution
		Debug|Any CPU = Debug|Any CPU
		Release|Any CPU = Release|Any CPU
	EndGlobalSection
	GlobalSection(ProjectConfigurationPlatforms) = postSolution
		{35118D41-2F26-4D5E-8ACB-D53549A6D5EB}.Debug|Any CPU.ActiveCfg = Debug|Any CPU
		{35118D41-2F26-4D5E-8ACB-D53549A6D5EB}.Debug|Any CPU.Build.0 = Debug|Any CPU
		{35118D41-2F26-4D5E-8ACB-D53549A6D5EB}.Release|Any CPU.ActiveCfg = Release|Any CPU
		{35118D41-2F26-4D5E-8ACB-D53549A6D5EB}.Release|Any CPU.Build.0 = Release|Any CPU
	EndGlobalSection
	GlobalSection(SolutionProperties) = preSolution
		HideSolutionNode = FALSE
	EndGlobalSection
	GlobalSection(ExtensibilityGlobals) = postSolution
		SolutionGuid = {A1BF6DA0-B840-49AD-8C57-BEF044B7E5A5}
	EndGlobalSection
EndGlobal
